
Microsoft Visual Studio Solution File, Format Version 12.00
# Visual Studio Version 17
VisualStudioVersion = 17.3.32819.101
MinimumVisualStudioVersion = 10.0.40219.1
Project("{FAE04EC0-301F-11D3-BF4B-00C04F79EFBC}") = "OrderService", "OrderService\OrderService.csproj", "{D743C55F-7F4E-4BBC-BCDE-FE62FA653AE4}"
EndProject
Project("{FAE04EC0-301F-11D3-BF4B-00C04F79EFBC}") = "CustomerSupportService", "CustomerSupportService\CustomerSupportService.csproj", "{A4C1A46A-6326-4642-96C7-4C87639DE5EC}"
EndProject
Global
	GlobalSection(SolutionConfigurationPlatforms) = preSolution
		Debug|Any CPU = Debug|Any CPU
		Release|Any CPU = Release|Any CPU
	EndGlobalSection
	GlobalSection(ProjectConfigurationPlatforms) = postSolution
		{D743C55F-7F4E-4BBC-BCDE-FE62FA653AE4}.Debug|Any CPU.ActiveCfg = Debug|Any CPU
		{D743C55F-7F4E-4BBC-BCDE-FE62FA653AE4}.Debug|Any CPU.Build.0 = Debug|Any CPU
		{D743C55F-7F4E-4BBC-BCDE-FE62FA653AE4}.Release|Any CPU.ActiveCfg = Release|Any CPU
		{D743C55F-7F4E-4BBC-BCDE-FE62FA653AE4}.Release|Any CPU.Build.0 = Release|Any CPU
		{A4C1A46A-6326-4642-96C7-4C87639DE5EC}.Debug|Any CPU.ActiveCfg = Debug|Any CPU
		{A4C1A46A-6326-4642-96C7-4C87639DE5EC}.Debug|Any CPU.Build.0 = Debug|Any CPU
		{A4C1A46A-6326-4642-96C7-4C87639DE5EC}.Release|Any CPU.ActiveCfg = Release|Any CPU
		{A4C1A46A-6326-4642-96C7-4C87639DE5EC}.Release|Any CPU.Build.0 = Release|Any CPU
	EndGlobalSection
	GlobalSection(SolutionProperties) = preSolution
		HideSolutionNode = FALSE
	EndGlobalSection
	GlobalSection(ExtensibilityGlobals) = postSolution
		SolutionGuid = {0DFE8701-94C8-49CD-99A3-816714AFFB92}
	EndGlobalSection
EndGlobal
